
Microsoft Visual Studio Solution File, Format Version 12.00
# Visual Studio Version 17
VisualStudioVersion = 17.5.002.0
MinimumVisualStudioVersion = 10.0.40219.1
Project("{9A19103F-16F7-4668-BE54-9A1E7A4F7556}") = "SriTel", "SriTel.csproj", "{49596C67-3519-4105-8245-68669FAFC423}"
EndProject
Global
	GlobalSection(SolutionConfigurationPlatforms) = preSolution
		Debug|Any CPU = Debug|Any CPU
		Release|Any CPU = Release|Any CPU
	EndGlobalSection
	GlobalSection(ProjectConfigurationPlatforms) = postSolution
		{49596C67-3519-4105-8245-68669FAFC423}.Debug|Any CPU.ActiveCfg = Debug|Any CPU
		{49596C67-3519-4105-8245-68669FAFC423}.Debug|Any CPU.Build.0 = Debug|Any CPU
		{49596C67-3519-4105-8245-68669FAFC423}.Release|Any CPU.ActiveCfg = Release|Any CPU
		{49596C67-3519-4105-8245-68669FAFC423}.Release|Any CPU.Build.0 = Release|Any CPU
	EndGlobalSection
	GlobalSection(SolutionProperties) = preSolution
		HideSolutionNode = FALSE
	EndGlobalSection
	GlobalSection(ExtensibilityGlobals) = postSolution
		SolutionGuid = {382F3AF4-447C-48F8-8E56-CCA05AD2393A}
	EndGlobalSection
EndGlobal
